{
  "name": "webapp-server",
  "version": "0.0.1",
  "lockfileVersion": 1,
  "requires": true,
  "dependencies": {
    "@types/bcrypt": {
      "version": "3.0.0",
      "resolved": "https://registry.npmjs.org/@types/bcrypt/-/bcrypt-3.0.0.tgz",
      "integrity": "sha512-nohgNyv+1ViVcubKBh0+XiNJ3dO8nYu///9aJ4cgSqv70gBL+94SNy/iC2NLzKPT2Zt/QavrOkBVbZRLZmw6NQ==",
      "dev": true
    },
    "@types/body-parser": {
      "version": "1.19.0",
      "resolved": "https://registry.npmjs.org/@types/body-parser/-/body-parser-1.19.0.tgz",
      "integrity": "sha512-W98JrE0j2K78swW4ukqMleo8R7h/pFETjM2DQ90MF6XK2i4LO4W3gQ71Lt4w3bfm2EvVSyWHplECvB5sK22yFQ==",
      "dev": true,
      "requires": {
        "@types/connect": "*",
        "@types/node": "*"
      }
    },
    "@types/bson": {
      "version": "4.0.2",
      "resolved": "https://registry.npmjs.org/@types/bson/-/bson-4.0.2.tgz",
      "integrity": "sha512-+uWmsejEHfmSjyyM/LkrP0orfE2m5Mx9Xel4tXNeqi1ldK5XMQcDsFkBmLDtuyKUbxj2jGDo0H240fbCRJZo7Q==",
      "dev": true,
      "requires": {
        "@types/node": "*"
      }
    },
    "@types/compression": {
      "version": "1.7.0",
      "resolved": "https://registry.npmjs.org/@types/compression/-/compression-1.7.0.tgz",
      "integrity": "sha512-3LzWUM+3k3XdWOUk/RO+uSjv7YWOatYq2QADJntK1pjkk4DfVP0KrIEPDnXRJxAAGKe0VpIPRmlINLDuCedZWw==",
      "dev": true,
      "requires": {
        "@types/express": "*"
      }
    },
    "@types/connect": {
      "version": "3.4.33",
      "resolved": "https://registry.npmjs.org/@types/connect/-/connect-3.4.33.tgz",
      "integrity": "sha512-2+FrkXY4zllzTNfJth7jOqEHC+enpLeGslEhpnTAkg21GkRrWV4SsAtqchtT4YS9/nODBU2/ZfsBY2X4J/dX7A==",
      "dev": true,
      "requires": {
        "@types/node": "*"
      }
    },
    "@types/connect-flash": {
      "version": "0.0.35",
      "resolved": "https://registry.npmjs.org/@types/connect-flash/-/connect-flash-0.0.35.tgz",
      "integrity": "sha512-pwEiJI1gYhH+s6x4+st/TBgf1CPuATADPJi1+2It4Gnckw1pVVdKycRNDyoHwkZGCb/J38vEdOrxnZ4FsOlvWg==",
      "dev": true,
      "requires": {
        "@types/express": "*"
      }
    },
    "@types/cors": {
      "version": "2.8.6",
      "resolved": "https://registry.npmjs.org/@types/cors/-/cors-2.8.6.tgz",
      "integrity": "sha512-invOmosX0DqbpA+cE2yoHGUlF/blyf7nB0OGYBBiH27crcVm5NmFaZkLP4Ta1hGaesckCi5lVLlydNJCxkTOSg==",
      "dev": true,
      "requires": {
        "@types/express": "*"
      }
    },
    "@types/errorhandler": {
      "version": "1.5.0",
      "resolved": "https://registry.npmjs.org/@types/errorhandler/-/errorhandler-1.5.0.tgz",
      "integrity": "sha512-g5jrn2aofEn7O2OW/T+PlmGUUD/AtrX7DI87zrxz6rK5XIyvQf3FbPJrwgYaVjVOaCyvEkx9yxLd/XlEA43OcA==",
      "dev": true,
      "requires": {
        "@types/express": "*"
      }
    },
    "@types/express": {
      "version": "4.17.6",
      "resolved": "https://registry.npmjs.org/@types/express/-/express-4.17.6.tgz",
      "integrity": "sha512-n/mr9tZI83kd4azlPG5y997C/M4DNABK9yErhFM6hKdym4kkmd9j0vtsJyjFIwfRBxtrxZtAfGZCNRIBMFLK5w==",
      "dev": true,
      "requires": {
        "@types/body-parser": "*",
        "@types/express-serve-static-core": "*",
        "@types/qs": "*",
        "@types/serve-static": "*"
      }
    },
    "@types/express-serve-static-core": {
      "version": "4.17.5",
      "resolved": "https://registry.npmjs.org/@types/express-serve-static-core/-/express-serve-static-core-4.17.5.tgz",
      "integrity": "sha512-578YH5Lt88AKoADy0b2jQGwJtrBxezXtVe/MBqWXKZpqx91SnC0pVkVCcxcytz3lWW+cHBYDi3Ysh0WXc+rAYw==",
      "dev": true,
      "requires": {
        "@types/node": "*",
        "@types/range-parser": "*"
      }
    },
    "@types/express-status-monitor": {
      "version": "1.2.0",
      "resolved": "https://registry.npmjs.org/@types/express-status-monitor/-/express-status-monitor-1.2.0.tgz",
      "integrity": "sha512-DTrk79+845WiC2pHA/d7nz3//aTYmzt0pr30ZuEfIM1CIXJl6M7uwXTS6LVb60uuu11k/KGWBL6z2CDAwNIKWQ==",
      "dev": true,
      "requires": {
        "@types/express": "*",
        "@types/socket.io": "*"
      }
    },
    "@types/helmet": {
      "version": "0.0.46",
      "resolved": "https://registry.npmjs.org/@types/helmet/-/helmet-0.0.46.tgz",
      "integrity": "sha512-gGp1XVSYFRbKT0nl8nLwst6JvwcB7wGAGVkvKja2LKz3tJuTcgmo2TklQ0kUY/t8sOM94IdvBcfgGAYbJsk3tw==",
      "dev": true,
      "requires": {
        "@types/express": "*"
      }
    },
    "@types/http-proxy": {
      "version": "1.17.4",
      "resolved": "https://registry.npmjs.org/@types/http-proxy/-/http-proxy-1.17.4.tgz",
      "integrity": "sha512-IrSHl2u6AWXduUaDLqYpt45tLVCtYv7o4Z0s1KghBCDgIIS9oW5K1H8mZG/A2CfeLdEa7rTd1ACOiHBc1EMT2Q==",
      "dev": true,
      "requires": {
        "@types/node": "*"
      }
    },
    "@types/http-proxy-middleware": {
      "version": "0.19.3",
      "resolved": "https://registry.npmjs.org/@types/http-proxy-middleware/-/http-proxy-middleware-0.19.3.tgz",
      "integrity": "sha512-lnBTx6HCOUeIJMLbI/LaL5EmdKLhczJY5oeXZpX/cXE4rRqb3RmV7VcMpiEfYkmTjipv3h7IAyIINe4plEv7cA==",
      "dev": true,
      "requires": {
        "@types/connect": "*",
        "@types/http-proxy": "*",
        "@types/node": "*"
      }
    },
    "@types/jsonwebtoken": {
      "version": "8.3.9",
      "resolved": "https://registry.npmjs.org/@types/jsonwebtoken/-/jsonwebtoken-8.3.9.tgz",
      "integrity": "sha512-00rI8GbOKuRtoYxltFSRTVUXCRLbuYwln2/nUMPtFU9JGS7if+nnmLjeoFGmqsNCmblPLAaeQ/zMLVsHr6T5bg==",
      "dev": true,
      "requires": {
        "@types/node": "*"
      }
    },
    "@types/lusca": {
      "version": "1.6.1",
      "resolved": "https://registry.npmjs.org/@types/lusca/-/lusca-1.6.1.tgz",
      "integrity": "sha512-/W+YaK0aJUt1XU0/bpVR4p1LAh7zva4bDfgijfzFhF+A/On3hQmXzezQDrVG3Kv3EaLWQeKvp8uNdXUmGjFyWg==",
      "dev": true,
      "requires": {
        "@types/express": "*"
      }
    },
    "@types/mime": {
      "version": "2.0.1",
      "resolved": "https://registry.npmjs.org/@types/mime/-/mime-2.0.1.tgz",
      "integrity": "sha512-FwI9gX75FgVBJ7ywgnq/P7tw+/o1GUbtP0KzbtusLigAOgIgNISRK0ZPl4qertvXSIE8YbsVJueQ90cDt9YYyw==",
      "dev": true
    },
    "@types/mongodb": {
      "version": "3.5.14",
      "resolved": "https://registry.npmjs.org/@types/mongodb/-/mongodb-3.5.14.tgz",
      "integrity": "sha512-6SBBf4/pFTPu+Xmio6A4JPv/zXbsS/h7d3SdhaXRfTdE8pPNKUfOG3Tn7O0sjcu7Nz0syorSiQE6CMcoQD15TQ==",
      "dev": true,
      "requires": {
        "@types/bson": "*",
        "@types/node": "*"
      }
    },
    "@types/mongoose": {
      "version": "5.7.14",
      "resolved": "https://registry.npmjs.org/@types/mongoose/-/mongoose-5.7.14.tgz",
      "integrity": "sha512-jdMhuIluxmPKP58juOvQEl1C0syqyG0LK19zP+FRha0gvlFUwttXr2uxX4pzTHcuu/V6omzia9iGeXCoTEOT+w==",
      "dev": true,
      "requires": {
        "@types/mongodb": "*",
        "@types/node": "*"
      }
    },
    "@types/morgan": {
      "version": "1.9.0",
      "resolved": "https://registry.npmjs.org/@types/morgan/-/morgan-1.9.0.tgz",
      "integrity": "sha512-warrzirh5dlTMaETytBTKR886pRXwr+SMZD87ZE13gLMR8Pzz69SiYFkvoDaii78qGP1iyBIUYz5GiXyryO//A==",
      "dev": true,
      "requires": {
        "@types/express": "*"
      }
    },
    "@types/multer": {
      "version": "1.4.3",
      "resolved": "https://registry.npmjs.org/@types/multer/-/multer-1.4.3.tgz",
      "integrity": "sha512-tWsKbF5LYtXrJ7eOfI0aLBgEv9B7fnJe1JRXTj5+Z6EMfX0yHVsRFsNGnKyN8Bs0gtDv+JR37xAqsPnALyVTqg==",
      "dev": true,
      "requires": {
        "@types/express": "*"
      }
    },
    "@types/multer-s3": {
      "version": "2.7.7",
      "resolved": "https://registry.npmjs.org/@types/multer-s3/-/multer-s3-2.7.7.tgz",
      "integrity": "sha512-WvVVtgEbbTnZNNKLtsyKXzRxaRCNXxqCRdsqyBjMGLrNWTl1Yu5ETVW1x7wVQu7jGXLBigiqNi8qZJn/cgT9Dg==",
      "dev": true,
      "requires": {
        "@types/multer": "*",
        "aws-sdk": "^2.37.0"
      },
      "dependencies": {
        "aws-sdk": {
          "version": "2.666.0",
          "resolved": "https://registry.npmjs.org/aws-sdk/-/aws-sdk-2.666.0.tgz",
          "integrity": "sha512-m4m4eHs/F7SRW0OnvxRWyrAyqcQE7kyVnfwyrhA7P0w92FOmmu+tw6JKI5LZNVBsaj2VBAfPn72V6nWzP3IIlw==",
          "dev": true,
          "requires": {
            "buffer": "4.9.1",
            "events": "1.1.1",
            "ieee754": "1.1.13",
            "jmespath": "0.15.0",
            "querystring": "0.2.0",
            "sax": "1.2.1",
            "url": "0.10.3",
            "uuid": "3.3.2",
            "xml2js": "0.4.19"
          }
        }
      }
    },
    "@types/node": {
      "version": "13.13.4",
      "resolved": "https://registry.npmjs.org/@types/node/-/node-13.13.4.tgz",
      "integrity": "sha512-x26ur3dSXgv5AwKS0lNfbjpCakGIduWU1DU91Zz58ONRWrIKGunmZBNv4P7N+e27sJkiGDsw/3fT4AtsqQBrBA==",
      "dev": true
    },
    "@types/nodemailer": {
      "version": "6.4.0",
      "resolved": "https://registry.npmjs.org/@types/nodemailer/-/nodemailer-6.4.0.tgz",
      "integrity": "sha512-KY7bFWB0MahRZvVW4CuW83qcCDny59pJJ0MQ5ifvfcjNwPlIT0vW4uARO4u1gtkYnWdhSvURegecY/tzcukJcA==",
      "dev": true,
      "requires": {
        "@types/node": "*"
      }
    },
    "@types/oauth": {
      "version": "0.9.1",
      "resolved": "https://registry.npmjs.org/@types/oauth/-/oauth-0.9.1.tgz",
      "integrity": "sha512-a1iY62/a3yhZ7qH7cNUsxoI3U/0Fe9+RnuFrpTKr+0WVOzbKlSLojShCKe20aOD1Sppv+i8Zlq0pLDuTJnwS4A==",
      "dev": true,
      "requires": {
        "@types/node": "*"
      }
    },
    "@types/passport": {
      "version": "1.0.3",
      "resolved": "https://registry.npmjs.org/@types/passport/-/passport-1.0.3.tgz",
      "integrity": "sha512-nyztuxtDPQv9utCzU0qW7Gl8BY2Dn8BKlYAFFyxKipFxjaVd96celbkLCV/tRqqBUZ+JB8If3UfgV8347DTo3Q==",
      "dev": true,
      "requires": {
        "@types/express": "*"
      }
    },
    "@types/passport-oauth2": {
      "version": "1.4.9",
      "resolved": "https://registry.npmjs.org/@types/passport-oauth2/-/passport-oauth2-1.4.9.tgz",
      "integrity": "sha512-QP0q+NVQOaIu2r0e10QWkiUA0Ya5mOBHRJN0UrI+LolMLOP1/VN4EVIpJ3xVwFo+xqNFRoFvFwJhBvKnk7kpUA==",
      "dev": true,
      "requires": {
        "@types/express": "*",
        "@types/oauth": "*",
        "@types/passport": "*"
      }
    },
    "@types/passport-oauth2-refresh": {
      "version": "1.1.1",
      "resolved": "https://registry.npmjs.org/@types/passport-oauth2-refresh/-/passport-oauth2-refresh-1.1.1.tgz",
      "integrity": "sha512-Tw0JvfDPv9asgFPACd9oOGCaD/0/Uyi+QF7fmrJC74cJKC6I8N8wwhJJHyfd1N2E/qaLgTh431lhOa9jicpNdg==",
      "dev": true,
      "requires": {
        "@types/oauth": "*",
        "@types/passport-oauth2": "*"
      }
    },
    "@types/qs": {
      "version": "6.9.1",
      "resolved": "https://registry.npmjs.org/@types/qs/-/qs-6.9.1.tgz",
      "integrity": "sha512-lhbQXx9HKZAPgBkISrBcmAcMpZsmpe/Cd/hY7LGZS5OfkySUBItnPZHgQPssWYUET8elF+yCFBbP1Q0RZPTdaw==",
      "dev": true
    },
    "@types/range-parser": {
      "version": "1.2.3",
      "resolved": "https://registry.npmjs.org/@types/range-parser/-/range-parser-1.2.3.tgz",
      "integrity": "sha512-ewFXqrQHlFsgc09MK5jP5iR7vumV/BYayNC6PgJO2LPe8vrnNFyjQjSppfEngITi0qvfKtzFvgKymGheFM9UOA==",
      "dev": true
    },
    "@types/serve-static": {
      "version": "1.13.3",
      "resolved": "https://registry.npmjs.org/@types/serve-static/-/serve-static-1.13.3.tgz",
      "integrity": "sha512-oprSwp094zOglVrXdlo/4bAHtKTAxX6VT8FOZlBKrmyLbNvE1zxZyJ6yikMVtHIvwP45+ZQGJn+FdXGKTozq0g==",
      "dev": true,
      "requires": {
        "@types/express-serve-static-core": "*",
        "@types/mime": "*"
      }
    },
    "@types/socket.io": {
      "version": "2.1.4",
      "resolved": "https://registry.npmjs.org/@types/socket.io/-/socket.io-2.1.4.tgz",
      "integrity": "sha512-cI98INy7tYnweTsUlp8ocveVdAxENUThO0JsLSCs51cjOP2yV5Mqo5QszMDPckyRRA+PO6+wBgKvGvHUCc23TQ==",
      "dev": true,
      "requires": {
        "@types/node": "*"
      }
    },
    "@types/validator": {
      "version": "13.0.0",
      "resolved": "https://registry.npmjs.org/@types/validator/-/validator-13.0.0.tgz",
      "integrity": "sha512-WAy5txG7aFX8Vw3sloEKp5p/t/Xt8jD3GRD9DacnFv6Vo8ubudAsRTXgxpQwU0mpzY/H8U4db3roDuCMjShBmw==",
      "dev": true
    },
    "base64-js": {
      "version": "1.3.1",
      "resolved": "https://registry.npmjs.org/base64-js/-/base64-js-1.3.1.tgz",
      "integrity": "sha512-mLQ4i2QO1ytvGWFWmcngKO//JXAQueZvwEKtjgQFM4jIK0kU+ytMfplL8j+n5mspOfjHwoAg+9yhb7BwAHm36g==",
      "dev": true
    },
    "bowser": {
      "version": "2.9.0",
      "resolved": "https://registry.npmjs.org/bowser/-/bowser-2.9.0.tgz",
      "integrity": "sha512-2ld76tuLBNFekRgmJfT2+3j5MIrP6bFict8WAIT3beq+srz1gcKNAdNKMqHqauQt63NmAa88HfP1/Ypa9Er3HA=="
    },
    "buffer": {
      "version": "4.9.1",
      "resolved": "https://registry.npmjs.org/buffer/-/buffer-4.9.1.tgz",
      "integrity": "sha1-bRu2AbB6TvztlwlBMgkwJ8lbwpg=",
      "dev": true,
      "requires": {
        "base64-js": "^1.0.2",
        "ieee754": "^1.1.4",
        "isarray": "^1.0.0"
      }
    },
    "camelize": {
      "version": "1.0.0",
      "resolved": "https://registry.npmjs.org/camelize/-/camelize-1.0.0.tgz",
      "integrity": "sha1-FkpUg+Yw+kMh5a8HAg5TGDGyYJs="
    },
    "connect-flash": {
      "version": "0.1.1",
      "resolved": "https://registry.npmjs.org/connect-flash/-/connect-flash-0.1.1.tgz",
      "integrity": "sha1-2GMPJtlaf4UfmVax6MxnMvO2qjA="
    },
    "content-security-policy-builder": {
      "version": "2.1.0",
      "resolved": "https://registry.npmjs.org/content-security-policy-builder/-/content-security-policy-builder-2.1.0.tgz",
      "integrity": "sha512-/MtLWhJVvJNkA9dVLAp6fg9LxD2gfI6R2Fi1hPmfjYXSahJJzcfvoeDOxSyp4NvxMuwWv3WMssE9o31DoULHrQ=="
    },
    "dasherize": {
      "version": "2.0.0",
      "resolved": "https://registry.npmjs.org/dasherize/-/dasherize-2.0.0.tgz",
      "integrity": "sha1-bYCcnNDPe7iVLYD8hPoT1H3bEwg="
    },
    "depd": {
      "version": "2.0.0",
      "resolved": "https://registry.npmjs.org/depd/-/depd-2.0.0.tgz",
      "integrity": "sha512-g7nH6P6dyDioJogAAGprGpCtVImJhpPk/roCzdb3fIh61/s/nPsfR6onyMwkCAR/OlC3yBC0lESvUoQEAssIrw=="
    },
    "dns-prefetch-control": {
      "version": "0.2.0",
      "resolved": "https://registry.npmjs.org/dns-prefetch-control/-/dns-prefetch-control-0.2.0.tgz",
      "integrity": "sha512-hvSnros73+qyZXhHFjx2CMLwoj3Fe7eR9EJsFsqmcI1bB2OBWL/+0YzaEaKssCHnj/6crawNnUyw74Gm2EKe+Q=="
    },
    "dont-sniff-mimetype": {
      "version": "1.1.0",
      "resolved": "https://registry.npmjs.org/dont-sniff-mimetype/-/dont-sniff-mimetype-1.1.0.tgz",
      "integrity": "sha512-ZjI4zqTaxveH2/tTlzS1wFp+7ncxNZaIEWYg3lzZRHkKf5zPT/MnEG6WL0BhHMJUabkh8GeU5NL5j+rEUCb7Ug=="
    },
    "events": {
      "version": "1.1.1",
      "resolved": "https://registry.npmjs.org/events/-/events-1.1.1.tgz",
      "integrity": "sha1-nr23Y1rQmccNzEwqH1AEKI6L2SQ=",
      "dev": true
    },
    "expect-ct": {
      "version": "0.2.0",
      "resolved": "https://registry.npmjs.org/expect-ct/-/expect-ct-0.2.0.tgz",
      "integrity": "sha512-6SK3MG/Bbhm8MsgyJAylg+ucIOU71/FzyFalcfu5nY19dH8y/z0tBJU0wrNBXD4B27EoQtqPF/9wqH0iYAd04g=="
    },
    "express-async-handler": {
      "version": "1.1.4",
      "resolved": "https://registry.npmjs.org/express-async-handler/-/express-async-handler-1.1.4.tgz",
      "integrity": "sha512-HdmbVF4V4w1q/iz++RV7bUxIeepTukWewiJGkoCKQMtvPF11MLTa7It9PRc/reysXXZSEyD4Pthchju+IUbMiQ=="
    },
    "feature-policy": {
      "version": "0.3.0",
      "resolved": "https://registry.npmjs.org/feature-policy/-/feature-policy-0.3.0.tgz",
      "integrity": "sha512-ZtijOTFN7TzCujt1fnNhfWPFPSHeZkesff9AXZj+UEjYBynWNUIYpC87Ve4wHzyexQsImicLu7WsC2LHq7/xrQ=="
    },
    "frameguard": {
      "version": "3.1.0",
      "resolved": "https://registry.npmjs.org/frameguard/-/frameguard-3.1.0.tgz",
      "integrity": "sha512-TxgSKM+7LTA6sidjOiSZK9wxY0ffMPY3Wta//MqwmX0nZuEHc8QrkV8Fh3ZhMJeiH+Uyh/tcaarImRy8u77O7g=="
    },
    "helmet": {
      "version": "3.22.0",
      "resolved": "https://registry.npmjs.org/helmet/-/helmet-3.22.0.tgz",
      "integrity": "sha512-Xrqicn2nm1ZIUxP3YGuTBmbDL04neKsIT583Sjh0FkiwKDXYCMUqGqC88w3NUvVXtA75JyR2Jn6jw6ZEMOD+ZA==",
      "requires": {
        "depd": "2.0.0",
        "dns-prefetch-control": "0.2.0",
        "dont-sniff-mimetype": "1.1.0",
        "expect-ct": "0.2.0",
        "feature-policy": "0.3.0",
        "frameguard": "3.1.0",
        "helmet-crossdomain": "0.4.0",
        "helmet-csp": "2.10.0",
        "hide-powered-by": "1.1.0",
        "hpkp": "2.0.0",
        "hsts": "2.2.0",
        "ienoopen": "1.1.0",
        "nocache": "2.1.0",
        "referrer-policy": "1.2.0",
        "x-xss-protection": "1.3.0"
      }
    },
    "helmet-crossdomain": {
      "version": "0.4.0",
      "resolved": "https://registry.npmjs.org/helmet-crossdomain/-/helmet-crossdomain-0.4.0.tgz",
      "integrity": "sha512-AB4DTykRw3HCOxovD1nPR16hllrVImeFp5VBV9/twj66lJ2nU75DP8FPL0/Jp4jj79JhTfG+pFI2MD02kWJ+fA=="
    },
    "helmet-csp": {
      "version": "2.10.0",
      "resolved": "https://registry.npmjs.org/helmet-csp/-/helmet-csp-2.10.0.tgz",
      "integrity": "sha512-Rz953ZNEFk8sT2XvewXkYN0Ho4GEZdjAZy4stjiEQV3eN7GDxg1QKmYggH7otDyIA7uGA6XnUMVSgeJwbR5X+w==",
      "requires": {
        "bowser": "2.9.0",
        "camelize": "1.0.0",
        "content-security-policy-builder": "2.1.0",
        "dasherize": "2.0.0"
      }
    },
    "hide-powered-by": {
      "version": "1.1.0",
      "resolved": "https://registry.npmjs.org/hide-powered-by/-/hide-powered-by-1.1.0.tgz",
      "integrity": "sha512-Io1zA2yOA1YJslkr+AJlWSf2yWFkKjvkcL9Ni1XSUqnGLr/qRQe2UI3Cn/J9MsJht7yEVCe0SscY1HgVMujbgg=="
    },
    "hpkp": {
      "version": "2.0.0",
      "resolved": "https://registry.npmjs.org/hpkp/-/hpkp-2.0.0.tgz",
      "integrity": "sha1-EOFCJk52IVpdMMROxD3mTe5tFnI="
    },
    "hsts": {
      "version": "2.2.0",
      "resolved": "https://registry.npmjs.org/hsts/-/hsts-2.2.0.tgz",
      "integrity": "sha512-ToaTnQ2TbJkochoVcdXYm4HOCliNozlviNsg+X2XQLQvZNI/kCHR9rZxVYpJB3UPcHz80PgxRyWQ7PdU1r+VBQ==",
      "requires": {
        "depd": "2.0.0"
      }
    },
    "ieee754": {
      "version": "1.1.13",
      "resolved": "https://registry.npmjs.org/ieee754/-/ieee754-1.1.13.tgz",
      "integrity": "sha512-4vf7I2LYV/HaWerSo3XmlMkp5eZ83i+/CDluXi/IGTs/O1sejBNhTtnxzmRZfvOUqj7lZjqHkeTvpgSFDlWZTg==",
      "dev": true
    },
    "ienoopen": {
      "version": "1.1.0",
      "resolved": "https://registry.npmjs.org/ienoopen/-/ienoopen-1.1.0.tgz",
      "integrity": "sha512-MFs36e/ca6ohEKtinTJ5VvAJ6oDRAYFdYXweUnGY9L9vcoqFOU4n2ZhmJ0C4z/cwGZ3YIQRSB3XZ1+ghZkY5NQ=="
    },
    "isarray": {
      "version": "1.0.0",
      "resolved": "https://registry.npmjs.org/isarray/-/isarray-1.0.0.tgz",
      "integrity": "sha1-u5NdSFgsuhaMBoNJV6VKPgcSTxE=",
      "dev": true
    },
    "jmespath": {
      "version": "0.15.0",
      "resolved": "https://registry.npmjs.org/jmespath/-/jmespath-0.15.0.tgz",
      "integrity": "sha1-o/Iiqarp+Wb10nx5ZRDigJF2Qhc=",
      "dev": true
    },
    "nocache": {
      "version": "2.1.0",
      "resolved": "https://registry.npmjs.org/nocache/-/nocache-2.1.0.tgz",
      "integrity": "sha512-0L9FvHG3nfnnmaEQPjT9xhfN4ISk0A8/2j4M37Np4mcDesJjHgEUfgPhdCyZuFI954tjokaIj/A3NdpFNdEh4Q=="
    },
    "punycode": {
      "version": "1.3.2",
      "resolved": "https://registry.npmjs.org/punycode/-/punycode-1.3.2.tgz",
      "integrity": "sha1-llOgNvt8HuQjQvIyXM7v6jkmxI0=",
      "dev": true
    },
    "querystring": {
      "version": "0.2.0",
      "resolved": "https://registry.npmjs.org/querystring/-/querystring-0.2.0.tgz",
      "integrity": "sha1-sgmEkgO7Jd+CDadW50cAWHhSFiA=",
      "dev": true
    },
    "referrer-policy": {
      "version": "1.2.0",
      "resolved": "https://registry.npmjs.org/referrer-policy/-/referrer-policy-1.2.0.tgz",
      "integrity": "sha512-LgQJIuS6nAy1Jd88DCQRemyE3mS+ispwlqMk3b0yjZ257fI1v9c+/p6SD5gP5FGyXUIgrNOAfmyioHwZtYv2VA=="
    },
    "sax": {
      "version": "1.2.1",
      "resolved": "https://registry.npmjs.org/sax/-/sax-1.2.1.tgz",
      "integrity": "sha1-e45lYZCyKOgaZq6nSEgNgozS03o=",
      "dev": true
    },
    "url": {
      "version": "0.10.3",
      "resolved": "https://registry.npmjs.org/url/-/url-0.10.3.tgz",
      "integrity": "sha1-Ah5NnHcF8hu/N9A861h2dAJ3TGQ=",
      "dev": true,
      "requires": {
        "punycode": "1.3.2",
        "querystring": "0.2.0"
      }
    },
    "uuid": {
      "version": "3.3.2",
      "resolved": "https://registry.npmjs.org/uuid/-/uuid-3.3.2.tgz",
      "integrity": "sha512-yXJmeNaw3DnnKAOKJE51sL/ZaYfWJRl1pK9dr19YFCu0ObS231AB1/LbqTKRAQ5kw8A90rA6fr4riOUpTZvQZA==",
      "dev": true
    },
    "x-xss-protection": {
      "version": "1.3.0",
      "resolved": "https://registry.npmjs.org/x-xss-protection/-/x-xss-protection-1.3.0.tgz",
      "integrity": "sha512-kpyBI9TlVipZO4diReZMAHWtS0MMa/7Kgx8hwG/EuZLiA6sg4Ah/4TRdASHhRRN3boobzcYgFRUFSgHRge6Qhg=="
    },
    "xml2js": {
      "version": "0.4.19",
      "resolved": "https://registry.npmjs.org/xml2js/-/xml2js-0.4.19.tgz",
      "integrity": "sha512-esZnJZJOiJR9wWKMyuvSE1y6Dq5LCuJanqhxslH2bxM6duahNZ+HMpCLhBQGZkbX6xRf8x1Y2eJlgt2q3qo49Q==",
      "dev": true,
      "requires": {
        "sax": ">=0.6.0",
        "xmlbuilder": "~9.0.1"
      }
    },
    "xmlbuilder": {
      "version": "9.0.7",
      "resolved": "https://registry.npmjs.org/xmlbuilder/-/xmlbuilder-9.0.7.tgz",
      "integrity": "sha1-Ey7mPS7FVlxVfiD0wi35rKaGsQ0=",
      "dev": true
    }
  }
}
